// !$*UTF8*$!
{
	archiveVersion = 1;
	classes = {
	};
	objectVersion = 53;
	objects = {

/* Begin PBXBuildFile section */
		4908205025C86DD100AC92EC /* PlayerSlider.swift in Sources */ = {isa = PBXBuildFile; fileRef = 4908204F25C86DD100AC92EC /* PlayerSlider.swift */; };
		490857292A718FFF002D4FD0 /* PostRow.swift in Sources */ = {isa = PBXBuildFile; fileRef = 490857282A718FFF002D4FD0 /* PostRow.swift */; };
		492AF079258F877E0079035F /* PostList.swift in Sources */ = {isa = PBXBuildFile; fileRef = 492AF078258F877E0079035F /* PostList.swift */; };
		49328ECF25C4B71500A2A34D /* SoundCloud in Frameworks */ = {isa = PBXBuildFile; productRef = 49328ECE25C4B71500A2A34D /* SoundCloud */; };
		49332BA525961A260034A161 /* TrackRow.swift in Sources */ = {isa = PBXBuildFile; fileRef = 49332BA425961A260034A161 /* TrackRow.swift */; };
		49332BAE25961A3B0034A161 /* PlaylistRow.swift in Sources */ = {isa = PBXBuildFile; fileRef = 49332BAD25961A3B0034A161 /* PlaylistRow.swift */; };
		49332BCF25962E910034A161 /* SearchList.swift in Sources */ = {isa = PBXBuildFile; fileRef = 49332BCE25962E910034A161 /* SearchList.swift */; };
		493AB3552A6E668C00E20656 /* FeedbackStack.swift in Sources */ = {isa = PBXBuildFile; fileRef = 493AB3542A6E668C00E20656 /* FeedbackStack.swift */; };
		4964297B25DFCF04008AFBD5 /* CommentList.swift in Sources */ = {isa = PBXBuildFile; fileRef = 4964297A25DFCF04008AFBD5 /* CommentList.swift */; };
		4964299225E054E9008AFBD5 /* CommentRow.swift in Sources */ = {isa = PBXBuildFile; fileRef = 4964299125E054E9008AFBD5 /* CommentRow.swift */; };
		4969F3C9257CFA7F0048E29B /* NuageApp.swift in Sources */ = {isa = PBXBuildFile; fileRef = 4969F3C8257CFA7F0048E29B /* NuageApp.swift */; };
		4969F3CD257CFA800048E29B /* Assets.xcassets in Resources */ = {isa = PBXBuildFile; fileRef = 4969F3CC257CFA800048E29B /* Assets.xcassets */; };
		4969F3D0257CFA800048E29B /* Preview Assets.xcassets in Resources */ = {isa = PBXBuildFile; fileRef = 4969F3CF257CFA800048E29B /* Preview Assets.xcassets */; };
		4969F41E257CFB100048E29B /* Preview.swift in Sources */ = {isa = PBXBuildFile; fileRef = 4969F400257CFB100048E29B /* Preview.swift */; };
		4969F428257CFB100048E29B /* Helpers.swift in Sources */ = {isa = PBXBuildFile; fileRef = 4969F40B257CFB100048E29B /* Helpers.swift */; };
		4969F42A257CFB100048E29B /* Stream.swift in Sources */ = {isa = PBXBuildFile; fileRef = 4969F40E257CFB100048E29B /* Stream.swift */; };
		4969F42B257CFB100048E29B /* StreamPlayer.swift in Sources */ = {isa = PBXBuildFile; fileRef = 4969F40F257CFB100048E29B /* StreamPlayer.swift */; };
		4969F42C257CFB100048E29B /* TrackDetail.swift in Sources */ = {isa = PBXBuildFile; fileRef = 4969F411257CFB100048E29B /* TrackDetail.swift */; };
		4969F42E257CFB100048E29B /* LoginView.swift in Sources */ = {isa = PBXBuildFile; fileRef = 4969F413257CFB100048E29B /* LoginView.swift */; };
		4969F431257CFB100048E29B /* TrackContextMenu.swift in Sources */ = {isa = PBXBuildFile; fileRef = 4969F416257CFB100048E29B /* TrackContextMenu.swift */; };
		4969F433257CFB100048E29B /* TrackList.swift in Sources */ = {isa = PBXBuildFile; fileRef = 4969F418257CFB100048E29B /* TrackList.swift */; };
		4969F434257CFB100048E29B /* PlayerView.swift in Sources */ = {isa = PBXBuildFile; fileRef = 4969F419257CFB100048E29B /* PlayerView.swift */; };
		4969F435257CFB100048E29B /* PageView.swift in Sources */ = {isa = PBXBuildFile; fileRef = 4969F41A257CFB100048E29B /* PageView.swift */; };
		4969F436257CFB100048E29B /* MainView.swift in Sources */ = {isa = PBXBuildFile; fileRef = 4969F41B257CFB100048E29B /* MainView.swift */; };
		4969F437257CFB100048E29B /* UserGrid.swift in Sources */ = {isa = PBXBuildFile; fileRef = 4969F41C257CFB100048E29B /* UserGrid.swift */; };
		497F43B228F757DA0090CAD6 /* WaveformSlider.swift in Sources */ = {isa = PBXBuildFile; fileRef = 497F43B128F757DA0090CAD6 /* WaveformSlider.swift */; };
		4980FD2325CD6333004640D5 /* InfiniteGrid.swift in Sources */ = {isa = PBXBuildFile; fileRef = 4980FD2225CD6333004640D5 /* InfiniteGrid.swift */; };
		4980FD4025CD704E004640D5 /* GridStack in Frameworks */ = {isa = PBXBuildFile; productRef = 4980FD3F25CD704E004640D5 /* GridStack */; };
		498286F825969AE800147DBE /* Introspect in Frameworks */ = {isa = PBXBuildFile; productRef = 498286F725969AE800147DBE /* Introspect */; };
		4988D84625A1C62E0092BAFF /* UserDetail.swift in Sources */ = {isa = PBXBuildFile; fileRef = 4988D84525A1C62E0092BAFF /* UserDetail.swift */; };
		498C72F32A790AF300AA1AAF /* StatsStack.swift in Sources */ = {isa = PBXBuildFile; fileRef = 498C72F22A790AF300AA1AAF /* StatsStack.swift */; };
		4998E12125CADC8300EB986F /* Artwork.swift in Sources */ = {isa = PBXBuildFile; fileRef = 4998E12025CADC8300EB986F /* Artwork.swift */; };
		4999998D25B0886700F42D9B /* WaveformView.swift in Sources */ = {isa = PBXBuildFile; fileRef = 4999998C25B0886700F42D9B /* WaveformView.swift */; };
		49A89C032A5EA1B70019648F /* Likes.json in Resources */ = {isa = PBXBuildFile; fileRef = 49A89C022A5EA12D0019648F /* Likes.json */; };
		49A99D7A2A7454EE001B8BCB /* Navigation.swift in Sources */ = {isa = PBXBuildFile; fileRef = 49A99D792A7454EE001B8BCB /* Navigation.swift */; };
		49B154C525C4685D00CE9511 /* URLImage in Frameworks */ = {isa = PBXBuildFile; productRef = 49B154C425C4685D00CE9511 /* URLImage */; };
		49D0E7F72A7A4B7500F2351C /* PlaybackContext.swift in Sources */ = {isa = PBXBuildFile; fileRef = 49D0E7F62A7A4B7500F2351C /* PlaybackContext.swift */; };
		49D761E32A7A7E6D00735848 /* URLDetail.swift in Sources */ = {isa = PBXBuildFile; fileRef = 49D761E22A7A7E6D00735848 /* URLDetail.swift */; };
		49E6259D25BE1E7E005BEF8C /* WebView.swift in Sources */ = {isa = PBXBuildFile; fileRef = 49E6259C25BE1E7E005BEF8C /* WebView.swift */; };
		49FA14BB2589635800CEF925 /* ArrayView.swift in Sources */ = {isa = PBXBuildFile; fileRef = 49FA14BA2589635800CEF925 /* ArrayView.swift */; };
		49FA14C62589693E00CEF925 /* InfiniteList.swift in Sources */ = {isa = PBXBuildFile; fileRef = 49FA14C52589693E00CEF925 /* InfiniteList.swift */; };
		49FEEBDF2A5B56C9002C8865 /* TouchBar.swift in Sources */ = {isa = PBXBuildFile; fileRef = 49FEEBDE2A5B56C9002C8865 /* TouchBar.swift */; };
/* End PBXBuildFile section */

/* Begin PBXFileReference section */
		4908204F25C86DD100AC92EC /* PlayerSlider.swift */ = {isa = PBXFileReference; lastKnownFileType = sourcecode.swift; path = PlayerSlider.swift; sourceTree = "<group>"; };
		490857282A718FFF002D4FD0 /* PostRow.swift */ = {isa = PBXFileReference; lastKnownFileType = sourcecode.swift; path = PostRow.swift; sourceTree = "<group>"; };
		492AF078258F877E0079035F /* PostList.swift */ = {isa = PBXFileReference; lastKnownFileType = sourcecode.swift; path = PostList.swift; sourceTree = "<group>"; };
		49328EC625C4B6F900A2A34D /* SoundCloud */ = {isa = PBXFileReference; lastKnownFileType = folder; path = SoundCloud; sourceTree = "<group>"; };
		49332BA425961A260034A161 /* TrackRow.swift */ = {isa = PBXFileReference; lastKnownFileType = sourcecode.swift; path = TrackRow.swift; sourceTree = "<group>"; };
		49332BAD25961A3B0034A161 /* PlaylistRow.swift */ = {isa = PBXFileReference; lastKnownFileType = sourcecode.swift; path = PlaylistRow.swift; sourceTree = "<group>"; };
		49332BCE25962E910034A161 /* SearchList.swift */ = {isa = PBXFileReference; lastKnownFileType = sourcecode.swift; path = SearchList.swift; sourceTree = "<group>"; };
		493AB3542A6E668C00E20656 /* FeedbackStack.swift */ = {isa = PBXFileReference; lastKnownFileType = sourcecode.swift; path = FeedbackStack.swift; sourceTree = "<group>"; };
		4964297A25DFCF04008AFBD5 /* CommentList.swift */ = {isa = PBXFileReference; lastKnownFileType = sourcecode.swift; path = CommentList.swift; sourceTree = "<group>"; };
		4964299125E054E9008AFBD5 /* CommentRow.swift */ = {isa = PBXFileReference; lastKnownFileType = sourcecode.swift; path = CommentRow.swift; sourceTree = "<group>"; };
		4969F3C5257CFA7F0048E29B /* Nuage.app */ = {isa = PBXFileReference; explicitFileType = wrapper.application; includeInIndex = 0; path = Nuage.app; sourceTree = BUILT_PRODUCTS_DIR; };
		4969F3C8257CFA7F0048E29B /* NuageApp.swift */ = {isa = PBXFileReference; lastKnownFileType = sourcecode.swift; path = NuageApp.swift; sourceTree = "<group>"; };
		4969F3CC257CFA800048E29B /* Assets.xcassets */ = {isa = PBXFileReference; lastKnownFileType = folder.assetcatalog; path = Assets.xcassets; sourceTree = "<group>"; };
		4969F3CF257CFA800048E29B /* Preview Assets.xcassets */ = {isa = PBXFileReference; lastKnownFileType = folder.assetcatalog; path = "Preview Assets.xcassets"; sourceTree = "<group>"; };
		4969F3D1257CFA800048E29B /* Info.plist */ = {isa = PBXFileReference; lastKnownFileType = text.plist.xml; path = Info.plist; sourceTree = "<group>"; };
		4969F3D2257CFA800048E29B /* Nuage.entitlements */ = {isa = PBXFileReference; lastKnownFileType = text.plist.entitlements; path = Nuage.entitlements; sourceTree = "<group>"; };
		4969F400257CFB100048E29B /* Preview.swift */ = {isa = PBXFileReference; fileEncoding = 4; lastKnownFileType = sourcecode.swift; path = Preview.swift; sourceTree = "<group>"; };
		4969F40B257CFB100048E29B /* Helpers.swift */ = {isa = PBXFileReference; fileEncoding = 4; lastKnownFileType = sourcecode.swift; path = Helpers.swift; sourceTree = "<group>"; };
		4969F40E257CFB100048E29B /* Stream.swift */ = {isa = PBXFileReference; fileEncoding = 4; lastKnownFileType = sourcecode.swift; path = Stream.swift; sourceTree = "<group>"; };
		4969F40F257CFB100048E29B /* StreamPlayer.swift */ = {isa = PBXFileReference; fileEncoding = 4; lastKnownFileType = sourcecode.swift; path = StreamPlayer.swift; sourceTree = "<group>"; };
		4969F411257CFB100048E29B /* TrackDetail.swift */ = {isa = PBXFileReference; fileEncoding = 4; lastKnownFileType = sourcecode.swift; path = TrackDetail.swift; sourceTree = "<group>"; };
		4969F413257CFB100048E29B /* LoginView.swift */ = {isa = PBXFileReference; fileEncoding = 4; lastKnownFileType = sourcecode.swift; path = LoginView.swift; sourceTree = "<group>"; };
		4969F416257CFB100048E29B /* TrackContextMenu.swift */ = {isa = PBXFileReference; fileEncoding = 4; lastKnownFileType = sourcecode.swift; path = TrackContextMenu.swift; sourceTree = "<group>"; };
		4969F418257CFB100048E29B /* TrackList.swift */ = {isa = PBXFileReference; fileEncoding = 4; lastKnownFileType = sourcecode.swift; path = TrackList.swift; sourceTree = "<group>"; };
		4969F419257CFB100048E29B /* PlayerView.swift */ = {isa = PBXFileReference; fileEncoding = 4; lastKnownFileType = sourcecode.swift; path = PlayerView.swift; sourceTree = "<group>"; };
		4969F41A257CFB100048E29B /* PageView.swift */ = {isa = PBXFileReference; fileEncoding = 4; lastKnownFileType = sourcecode.swift; path = PageView.swift; sourceTree = "<group>"; };
		4969F41B257CFB100048E29B /* MainView.swift */ = {isa = PBXFileReference; fileEncoding = 4; lastKnownFileType = sourcecode.swift; path = MainView.swift; sourceTree = "<group>"; };
		4969F41C257CFB100048E29B /* UserGrid.swift */ = {isa = PBXFileReference; fileEncoding = 4; lastKnownFileType = sourcecode.swift; path = UserGrid.swift; sourceTree = "<group>"; };
		497F43B128F757DA0090CAD6 /* WaveformSlider.swift */ = {isa = PBXFileReference; lastKnownFileType = sourcecode.swift; path = WaveformSlider.swift; sourceTree = "<group>"; };
		4980FD2225CD6333004640D5 /* InfiniteGrid.swift */ = {isa = PBXFileReference; lastKnownFileType = sourcecode.swift; path = InfiniteGrid.swift; sourceTree = "<group>"; };
		4988D84525A1C62E0092BAFF /* UserDetail.swift */ = {isa = PBXFileReference; lastKnownFileType = sourcecode.swift; path = UserDetail.swift; sourceTree = "<group>"; };
		498C72F22A790AF300AA1AAF /* StatsStack.swift */ = {isa = PBXFileReference; lastKnownFileType = sourcecode.swift; path = StatsStack.swift; sourceTree = "<group>"; };
		4998E12025CADC8300EB986F /* Artwork.swift */ = {isa = PBXFileReference; lastKnownFileType = sourcecode.swift; path = Artwork.swift; sourceTree = "<group>"; };
		4999998C25B0886700F42D9B /* WaveformView.swift */ = {isa = PBXFileReference; lastKnownFileType = sourcecode.swift; path = WaveformView.swift; sourceTree = "<group>"; };
		49A89C022A5EA12D0019648F /* Likes.json */ = {isa = PBXFileReference; lastKnownFileType = text.json; path = Likes.json; sourceTree = "<group>"; };
		49A99D792A7454EE001B8BCB /* Navigation.swift */ = {isa = PBXFileReference; lastKnownFileType = sourcecode.swift; path = Navigation.swift; sourceTree = "<group>"; };
		49D0E7F62A7A4B7500F2351C /* PlaybackContext.swift */ = {isa = PBXFileReference; lastKnownFileType = sourcecode.swift; path = PlaybackContext.swift; sourceTree = "<group>"; };
		49D761E22A7A7E6D00735848 /* URLDetail.swift */ = {isa = PBXFileReference; lastKnownFileType = sourcecode.swift; path = URLDetail.swift; sourceTree = "<group>"; };
		49E6259C25BE1E7E005BEF8C /* WebView.swift */ = {isa = PBXFileReference; lastKnownFileType = sourcecode.swift; path = WebView.swift; sourceTree = "<group>"; };
		49FA14BA2589635800CEF925 /* ArrayView.swift */ = {isa = PBXFileReference; lastKnownFileType = sourcecode.swift; path = ArrayView.swift; sourceTree = "<group>"; };
		49FA14C52589693E00CEF925 /* InfiniteList.swift */ = {isa = PBXFileReference; lastKnownFileType = sourcecode.swift; path = InfiniteList.swift; sourceTree = "<group>"; };
		49FEEBDE2A5B56C9002C8865 /* TouchBar.swift */ = {isa = PBXFileReference; lastKnownFileType = sourcecode.swift; path = TouchBar.swift; sourceTree = "<group>"; };
/* End PBXFileReference section */

/* Begin PBXFrameworksBuildPhase section */
		4969F3C2257CFA7F0048E29B /* Frameworks */ = {
			isa = PBXFrameworksBuildPhase;
			buildActionMask = 2147483647;
			files = (
				498286F825969AE800147DBE /* Introspect in Frameworks */,
				49328ECF25C4B71500A2A34D /* SoundCloud in Frameworks */,
				49B154C525C4685D00CE9511 /* URLImage in Frameworks */,
				4980FD4025CD704E004640D5 /* GridStack in Frameworks */,
			);
			runOnlyForDeploymentPostprocessing = 0;
		};
/* End PBXFrameworksBuildPhase section */

/* Begin PBXGroup section */
		492AF0CE258FC4A10079035F /* InfiniteView */ = {
			isa = PBXGroup;
			children = (
				4969F41A257CFB100048E29B /* PageView.swift */,
				49FA14BA2589635800CEF925 /* ArrayView.swift */,
				49FA14C52589693E00CEF925 /* InfiniteList.swift */,
				4980FD2225CD6333004640D5 /* InfiniteGrid.swift */,
			);
			path = InfiniteView;
			sourceTree = "<group>";
		};
		49328EB325C4B57D00A2A34D /* Frameworks */ = {
			isa = PBXGroup;
			children = (
			);
			name = Frameworks;
			sourceTree = "<group>";
		};
		49332BA025961A120034A161 /* Lists */ = {
			isa = PBXGroup;
			children = (
				4969F418257CFB100048E29B /* TrackList.swift */,
				492AF078258F877E0079035F /* PostList.swift */,
				49332BCE25962E910034A161 /* SearchList.swift */,
				4964297A25DFCF04008AFBD5 /* CommentList.swift */,
				49332BA925961A2A0034A161 /* Rows */,
			);
			path = Lists;
			sourceTree = "<group>";
		};
		49332BA925961A2A0034A161 /* Rows */ = {
			isa = PBXGroup;
			children = (
				490857282A718FFF002D4FD0 /* PostRow.swift */,
				49332BA425961A260034A161 /* TrackRow.swift */,
				49332BAD25961A3B0034A161 /* PlaylistRow.swift */,
				4964299125E054E9008AFBD5 /* CommentRow.swift */,
			);
			path = Rows;
			sourceTree = "<group>";
		};
		4969F3BC257CFA7F0048E29B = {
			isa = PBXGroup;
			children = (
				49328EC625C4B6F900A2A34D /* SoundCloud */,
				4969F3C7257CFA7F0048E29B /* Nuage */,
				4969F3C6257CFA7F0048E29B /* Products */,
				49328EB325C4B57D00A2A34D /* Frameworks */,
			);
			sourceTree = "<group>";
		};
		4969F3C6257CFA7F0048E29B /* Products */ = {
			isa = PBXGroup;
			children = (
				4969F3C5257CFA7F0048E29B /* Nuage.app */,
			);
			name = Products;
			sourceTree = "<group>";
		};
		4969F3C7257CFA7F0048E29B /* Nuage */ = {
			isa = PBXGroup;
			children = (
				4969F3C8257CFA7F0048E29B /* NuageApp.swift */,
				49A99D792A7454EE001B8BCB /* Navigation.swift */,
				4969F410257CFB100048E29B /* Views */,
				4969F40D257CFB100048E29B /* Audio */,
				4969F40B257CFB100048E29B /* Helpers.swift */,
				4969F400257CFB100048E29B /* Preview.swift */,
				4969F3CC257CFA800048E29B /* Assets.xcassets */,
				4969F3D1257CFA800048E29B /* Info.plist */,
				4969F3D2257CFA800048E29B /* Nuage.entitlements */,
				4969F3CE257CFA800048E29B /* Preview Content */,
			);
			path = Nuage;
			sourceTree = "<group>";
		};
		4969F3CE257CFA800048E29B /* Preview Content */ = {
			isa = PBXGroup;
			children = (
				49A89C022A5EA12D0019648F /* Likes.json */,
				4969F3CF257CFA800048E29B /* Preview Assets.xcassets */,
			);
			path = "Preview Content";
			sourceTree = "<group>";
		};
		4969F40D257CFB100048E29B /* Audio */ = {
			isa = PBXGroup;
			children = (
				4969F40E257CFB100048E29B /* Stream.swift */,
				4969F40F257CFB100048E29B /* StreamPlayer.swift */,
			);
			path = Audio;
			sourceTree = "<group>";
		};
		4969F410257CFB100048E29B /* Views */ = {
			isa = PBXGroup;
			children = (
				4969F41B257CFB100048E29B /* MainView.swift */,
				492AF0CE258FC4A10079035F /* InfiniteView */,
				49332BA025961A120034A161 /* Lists */,
				49D761E42A7A82BC00735848 /* Details */,
				4999998C25B0886700F42D9B /* WaveformView.swift */,
				497F43B128F757DA0090CAD6 /* WaveformSlider.swift */,
				4908204F25C86DD100AC92EC /* PlayerSlider.swift */,
				4969F416257CFB100048E29B /* TrackContextMenu.swift */,
				49D0E7F62A7A4B7500F2351C /* PlaybackContext.swift */,
				4969F413257CFB100048E29B /* LoginView.swift */,
				4969F419257CFB100048E29B /* PlayerView.swift */,
				4969F41C257CFB100048E29B /* UserGrid.swift */,
				49E6259C25BE1E7E005BEF8C /* WebView.swift */,
				4998E12025CADC8300EB986F /* Artwork.swift */,
				493AB3542A6E668C00E20656 /* FeedbackStack.swift */,
				498C72F22A790AF300AA1AAF /* StatsStack.swift */,
				49FEEBDE2A5B56C9002C8865 /* TouchBar.swift */,
			);
			path = Views;
			sourceTree = "<group>";
		};
		49D761E42A7A82BC00735848 /* Details */ = {
			isa = PBXGroup;
			children = (
				4969F411257CFB100048E29B /* TrackDetail.swift */,
				49D761E22A7A7E6D00735848 /* URLDetail.swift */,
				4988D84525A1C62E0092BAFF /* UserDetail.swift */,
			);
			path = Details;
			sourceTree = "<group>";
		};
/* End PBXGroup section */

/* Begin PBXNativeTarget section */
		4969F3C4257CFA7F0048E29B /* Nuage */ = {
			isa = PBXNativeTarget;
			buildConfigurationList = 4969F3EB257CFA800048E29B /* Build configuration list for PBXNativeTarget "Nuage" */;
			buildPhases = (
				4969F3C1257CFA7F0048E29B /* Sources */,
				4969F3C2257CFA7F0048E29B /* Frameworks */,
				4969F3C3257CFA7F0048E29B /* Resources */,
			);
			buildRules = (
			);
			dependencies = (
				49328ECB25C4B70F00A2A34D /* PBXTargetDependency */,
				49328ECD25C4B70F00A2A34D /* PBXTargetDependency */,
			);
			name = Nuage;
			packageProductDependencies = (
				498286F725969AE800147DBE /* Introspect */,
				49B154C425C4685D00CE9511 /* URLImage */,
				49328ECE25C4B71500A2A34D /* SoundCloud */,
				4980FD3F25CD704E004640D5 /* GridStack */,
			);
			productName = Nuage;
			productReference = 4969F3C5257CFA7F0048E29B /* Nuage.app */;
			productType = "com.apple.product-type.application";
		};
/* End PBXNativeTarget section */

/* Begin PBXProject section */
		4969F3BD257CFA7F0048E29B /* Project object */ = {
			isa = PBXProject;
			attributes = {
				BuildIndependentTargetsInParallel = YES;
				LastSwiftUpdateCheck = 1220;
				LastUpgradeCheck = 1430;
				TargetAttributes = {
					4969F3C4257CFA7F0048E29B = {
						CreatedOnToolsVersion = 12.2;
					};
				};
			};
			buildConfigurationList = 4969F3C0257CFA7F0048E29B /* Build configuration list for PBXProject "Nuage" */;
			compatibilityVersion = "Xcode 9.3";
			developmentRegion = en;
			hasScannedForEncodings = 0;
			knownRegions = (
				en,
				Base,
			);
			mainGroup = 4969F3BC257CFA7F0048E29B;
			packageReferences = (
				498286F625969AE800147DBE /* XCRemoteSwiftPackageReference "SwiftUI-Introspect" */,
				49B154C325C4685D00CE9511 /* XCRemoteSwiftPackageReference "url-image" */,
				4980FD3E25CD704E004640D5 /* XCRemoteSwiftPackageReference "GridStack" */,
			);
			productRefGroup = 4969F3C6257CFA7F0048E29B /* Products */;
			projectDirPath = "";
			projectRoot = "";
			targets = (
				4969F3C4257CFA7F0048E29B /* Nuage */,
			);
		};
/* End PBXProject section */

/* Begin PBXResourcesBuildPhase section */
		4969F3C3257CFA7F0048E29B /* Resources */ = {
			isa = PBXResourcesBuildPhase;
			buildActionMask = 2147483647;
			files = (
				4969F3D0257CFA800048E29B /* Preview Assets.xcassets in Resources */,
				49A89C032A5EA1B70019648F /* Likes.json in Resources */,
				4969F3CD257CFA800048E29B /* Assets.xcassets in Resources */,
			);
			runOnlyForDeploymentPostprocessing = 0;
		};
/* End PBXResourcesBuildPhase section */

/* Begin PBXSourcesBuildPhase section */
		4969F3C1257CFA7F0048E29B /* Sources */ = {
			isa = PBXSourcesBuildPhase;
			buildActionMask = 2147483647;
			files = (
				49332BA525961A260034A161 /* TrackRow.swift in Sources */,
				4969F433257CFB100048E29B /* TrackList.swift in Sources */,
				4969F435257CFB100048E29B /* PageView.swift in Sources */,
				49A99D7A2A7454EE001B8BCB /* Navigation.swift in Sources */,
				49FA14BB2589635800CEF925 /* ArrayView.swift in Sources */,
				4969F42A257CFB100048E29B /* Stream.swift in Sources */,
				49FEEBDF2A5B56C9002C8865 /* TouchBar.swift in Sources */,
				4969F434257CFB100048E29B /* PlayerView.swift in Sources */,
				497F43B228F757DA0090CAD6 /* WaveformSlider.swift in Sources */,
				4969F42B257CFB100048E29B /* StreamPlayer.swift in Sources */,
				4969F42C257CFB100048E29B /* TrackDetail.swift in Sources */,
				4969F437257CFB100048E29B /* UserGrid.swift in Sources */,
				49D761E32A7A7E6D00735848 /* URLDetail.swift in Sources */,
				493AB3552A6E668C00E20656 /* FeedbackStack.swift in Sources */,
				49E6259D25BE1E7E005BEF8C /* WebView.swift in Sources */,
				4988D84625A1C62E0092BAFF /* UserDetail.swift in Sources */,
				4969F431257CFB100048E29B /* TrackContextMenu.swift in Sources */,
				49D0E7F72A7A4B7500F2351C /* PlaybackContext.swift in Sources */,
				4908205025C86DD100AC92EC /* PlayerSlider.swift in Sources */,
				4999998D25B0886700F42D9B /* WaveformView.swift in Sources */,
				49332BAE25961A3B0034A161 /* PlaylistRow.swift in Sources */,
				498C72F32A790AF300AA1AAF /* StatsStack.swift in Sources */,
				4969F41E257CFB100048E29B /* Preview.swift in Sources */,
				4980FD2325CD6333004640D5 /* InfiniteGrid.swift in Sources */,
				4964297B25DFCF04008AFBD5 /* CommentList.swift in Sources */,
				4969F3C9257CFA7F0048E29B /* NuageApp.swift in Sources */,
				4969F436257CFB100048E29B /* MainView.swift in Sources */,
				4998E12125CADC8300EB986F /* Artwork.swift in Sources */,
				4969F428257CFB100048E29B /* Helpers.swift in Sources */,
				49FA14C62589693E00CEF925 /* InfiniteList.swift in Sources */,
				490857292A718FFF002D4FD0 /* PostRow.swift in Sources */,
				4969F42E257CFB100048E29B /* LoginView.swift in Sources */,
				492AF079258F877E0079035F /* PostList.swift in Sources */,
				4964299225E054E9008AFBD5 /* CommentRow.swift in Sources */,
				49332BCF25962E910034A161 /* SearchList.swift in Sources */,
			);
			runOnlyForDeploymentPostprocessing = 0;
		};
/* End PBXSourcesBuildPhase section */

/* Begin PBXTargetDependency section */
		49328ECB25C4B70F00A2A34D /* PBXTargetDependency */ = {
			isa = PBXTargetDependency;
			productRef = 49328ECA25C4B70F00A2A34D /* SoundCloud */;
		};
		49328ECD25C4B70F00A2A34D /* PBXTargetDependency */ = {
			isa = PBXTargetDependency;
			productRef = 49328ECC25C4B70F00A2A34D /* StackNavigationView */;
		};
/* End PBXTargetDependency section */

/* Begin XCBuildConfiguration section */
		4969F3E9257CFA800048E29B /* Debug */ = {
			isa = XCBuildConfiguration;
			buildSettings = {
				ALWAYS_SEARCH_USER_PATHS = NO;
				CLANG_ANALYZER_NONNULL = YES;
				CLANG_ANALYZER_NUMBER_OBJECT_CONVERSION = YES_AGGRESSIVE;
				CLANG_CXX_LANGUAGE_STANDARD = "gnu++14";
				CLANG_CXX_LIBRARY = "libc++";
				CLANG_ENABLE_MODULES = YES;
				CLANG_ENABLE_OBJC_ARC = YES;
				CLANG_ENABLE_OBJC_WEAK = YES;
				CLANG_WARN_BLOCK_CAPTURE_AUTORELEASING = YES;
				CLANG_WARN_BOOL_CONVERSION = YES;
				CLANG_WARN_COMMA = YES;
				CLANG_WARN_CONSTANT_CONVERSION = YES;
				CLANG_WARN_DEPRECATED_OBJC_IMPLEMENTATIONS = YES;
				CLANG_WARN_DIRECT_OBJC_ISA_USAGE = YES_ERROR;
				CLANG_WARN_DOCUMENTATION_COMMENTS = YES;
				CLANG_WARN_EMPTY_BODY = YES;
				CLANG_WARN_ENUM_CONVERSION = YES;
				CLANG_WARN_INFINITE_RECURSION = YES;
				CLANG_WARN_INT_CONVERSION = YES;
				CLANG_WARN_NON_LITERAL_NULL_CONVERSION = YES;
				CLANG_WARN_OBJC_IMPLICIT_RETAIN_SELF = YES;
				CLANG_WARN_OBJC_LITERAL_CONVERSION = YES;
				CLANG_WARN_OBJC_ROOT_CLASS = YES_ERROR;
				CLANG_WARN_QUOTED_INCLUDE_IN_FRAMEWORK_HEADER = YES;
				CLANG_WARN_RANGE_LOOP_ANALYSIS = YES;
				CLANG_WARN_STRICT_PROTOTYPES = YES;
				CLANG_WARN_SUSPICIOUS_MOVE = YES;
				CLANG_WARN_UNGUARDED_AVAILABILITY = YES_AGGRESSIVE;
				CLANG_WARN_UNREACHABLE_CODE = YES;
				CLANG_WARN__DUPLICATE_METHOD_MATCH = YES;
				COPY_PHASE_STRIP = NO;
				DEAD_CODE_STRIPPING = YES;
				DEBUG_INFORMATION_FORMAT = dwarf;
				ENABLE_STRICT_OBJC_MSGSEND = YES;
				ENABLE_TESTABILITY = YES;
				GCC_C_LANGUAGE_STANDARD = gnu11;
				GCC_DYNAMIC_NO_PIC = NO;
				GCC_NO_COMMON_BLOCKS = YES;
				GCC_OPTIMIZATION_LEVEL = 0;
				GCC_PREPROCESSOR_DEFINITIONS = (
					"DEBUG=1",
					"$(inherited)",
				);
				GCC_WARN_64_TO_32_BIT_CONVERSION = YES;
				GCC_WARN_ABOUT_RETURN_TYPE = YES_ERROR;
				GCC_WARN_UNDECLARED_SELECTOR = YES;
				GCC_WARN_UNINITIALIZED_AUTOS = YES_AGGRESSIVE;
				GCC_WARN_UNUSED_FUNCTION = YES;
				GCC_WARN_UNUSED_VARIABLE = YES;
				MACOSX_DEPLOYMENT_TARGET = 13.0;
				MTL_ENABLE_DEBUG_INFO = INCLUDE_SOURCE;
				MTL_FAST_MATH = YES;
				ONLY_ACTIVE_ARCH = YES;
				SDKROOT = macosx;
				SWIFT_ACTIVE_COMPILATION_CONDITIONS = DEBUG;
				SWIFT_OPTIMIZATION_LEVEL = "-Onone";
			};
			name = Debug;
		};
		4969F3EA257CFA800048E29B /* Release */ = {
			isa = XCBuildConfiguration;
			buildSettings = {
				ALWAYS_SEARCH_USER_PATHS = NO;
				CLANG_ANALYZER_NONNULL = YES;
				CLANG_ANALYZER_NUMBER_OBJECT_CONVERSION = YES_AGGRESSIVE;
				CLANG_CXX_LANGUAGE_STANDARD = "gnu++14";
				CLANG_CXX_LIBRARY = "libc++";
				CLANG_ENABLE_MODULES = YES;
				CLANG_ENABLE_OBJC_ARC = YES;
				CLANG_ENABLE_OBJC_WEAK = YES;
				CLANG_WARN_BLOCK_CAPTURE_AUTORELEASING = YES;
				CLANG_WARN_BOOL_CONVERSION = YES;
				CLANG_WARN_COMMA = YES;
				CLANG_WARN_CONSTANT_CONVERSION = YES;
				CLANG_WARN_DEPRECATED_OBJC_IMPLEMENTATIONS = YES;
				CLANG_WARN_DIRECT_OBJC_ISA_USAGE = YES_ERROR;
				CLANG_WARN_DOCUMENTATION_COMMENTS = YES;
				CLANG_WARN_EMPTY_BODY = YES;
				CLANG_WARN_ENUM_CONVERSION = YES;
				CLANG_WARN_INFINITE_RECURSION = YES;
				CLANG_WARN_INT_CONVERSION = YES;
				CLANG_WARN_NON_LITERAL_NULL_CONVERSION = YES;
				CLANG_WARN_OBJC_IMPLICIT_RETAIN_SELF = YES;
				CLANG_WARN_OBJC_LITERAL_CONVERSION = YES;
				CLANG_WARN_OBJC_ROOT_CLASS = YES_ERROR;
				CLANG_WARN_QUOTED_INCLUDE_IN_FRAMEWORK_HEADER = YES;
				CLANG_WARN_RANGE_LOOP_ANALYSIS = YES;
				CLANG_WARN_STRICT_PROTOTYPES = YES;
				CLANG_WARN_SUSPICIOUS_MOVE = YES;
				CLANG_WARN_UNGUARDED_AVAILABILITY = YES_AGGRESSIVE;
				CLANG_WARN_UNREACHABLE_CODE = YES;
				CLANG_WARN__DUPLICATE_METHOD_MATCH = YES;
				COPY_PHASE_STRIP = NO;
				DEAD_CODE_STRIPPING = YES;
				DEBUG_INFORMATION_FORMAT = "dwarf-with-dsym";
				ENABLE_NS_ASSERTIONS = NO;
				ENABLE_STRICT_OBJC_MSGSEND = YES;
				GCC_C_LANGUAGE_STANDARD = gnu11;
				GCC_NO_COMMON_BLOCKS = YES;
				GCC_WARN_64_TO_32_BIT_CONVERSION = YES;
				GCC_WARN_ABOUT_RETURN_TYPE = YES_ERROR;
				GCC_WARN_UNDECLARED_SELECTOR = YES;
				GCC_WARN_UNINITIALIZED_AUTOS = YES_AGGRESSIVE;
				GCC_WARN_UNUSED_FUNCTION = YES;
				GCC_WARN_UNUSED_VARIABLE = YES;
				MACOSX_DEPLOYMENT_TARGET = 13.0;
				MTL_ENABLE_DEBUG_INFO = NO;
				MTL_FAST_MATH = YES;
				SDKROOT = macosx;
				SWIFT_COMPILATION_MODE = wholemodule;
				SWIFT_OPTIMIZATION_LEVEL = "-O";
			};
			name = Release;
		};
		4969F3EC257CFA800048E29B /* Debug */ = {
			isa = XCBuildConfiguration;
			buildSettings = {
				ASSETCATALOG_COMPILER_APPICON_NAME = AppIcon;
				ASSETCATALOG_COMPILER_GLOBAL_ACCENT_COLOR_NAME = AccentColor;
				CODE_SIGN_ENTITLEMENTS = Nuage/Nuage.entitlements;
				CODE_SIGN_IDENTITY = "-";
				CODE_SIGN_STYLE = Automatic;
				COMBINE_HIDPI_IMAGES = YES;
				CURRENT_PROJECT_VERSION = 1;
				DEAD_CODE_STRIPPING = YES;
				DEVELOPMENT_ASSET_PATHS = "Nuage/Preview\\ Content Nuage/Preview\\ Content/Likes.json";
				ENABLE_PREVIEWS = YES;
				INFOPLIST_FILE = Nuage/Info.plist;
				INFOPLIST_KEY_CFBundleDisplayName = Nuage;
				INFOPLIST_KEY_LSApplicationCategoryType = "public.app-category.music";
				LD_RUNPATH_SEARCH_PATHS = (
					"$(inherited)",
					"@executable_path/../Frameworks",
				);
				MACOSX_DEPLOYMENT_TARGET = 13.0;
				MARKETING_VERSION = 0.0.6;
				PRODUCT_BUNDLE_IDENTIFIER = ch.laurinbrandner.nuage;
				PRODUCT_NAME = "$(TARGET_NAME)";
				SWIFT_VERSION = 5.0;
			};
			name = Debug;
		};
		4969F3ED257CFA800048E29B /* Release */ = {
			isa = XCBuildConfiguration;
			buildSettings = {
				ASSETCATALOG_COMPILER_APPICON_NAME = AppIcon;
				ASSETCATALOG_COMPILER_GLOBAL_ACCENT_COLOR_NAME = AccentColor;
				CODE_SIGN_ENTITLEMENTS = Nuage/Nuage.entitlements;
				CODE_SIGN_IDENTITY = "-";
				CODE_SIGN_STYLE = Automatic;
				COMBINE_HIDPI_IMAGES = YES;
				CURRENT_PROJECT_VERSION = 1;
				DEAD_CODE_STRIPPING = YES;
				DEVELOPMENT_ASSET_PATHS = "Nuage/Preview\\ Content Nuage/Preview\\ Content/Likes.json";
				ENABLE_PREVIEWS = YES;
				INFOPLIST_FILE = Nuage/Info.plist;
				INFOPLIST_KEY_CFBundleDisplayName = Nuage;
				INFOPLIST_KEY_LSApplicationCategoryType = "public.app-category.music";
				LD_RUNPATH_SEARCH_PATHS = (
					"$(inherited)",
					"@executable_path/../Frameworks",
				);
				MACOSX_DEPLOYMENT_TARGET = 13.0;
				MARKETING_VERSION = 0.0.6;
				PRODUCT_BUNDLE_IDENTIFIER = ch.laurinbrandner.nuage;
				PRODUCT_NAME = "$(TARGET_NAME)";
				SWIFT_VERSION = 5.0;
			};
			name = Release;
		};
/* End XCBuildConfiguration section */

/* Begin XCConfigurationList section */
		4969F3C0257CFA7F0048E29B /* Build configuration list for PBXProject "Nuage" */ = {
			isa = XCConfigurationList;
			buildConfigurations = (
				4969F3E9257CFA800048E29B /* Debug */,
				4969F3EA257CFA800048E29B /* Release */,
			);
			defaultConfigurationIsVisible = 0;
			defaultConfigurationName = Release;
		};
		4969F3EB257CFA800048E29B /* Build configuration list for PBXNativeTarget "Nuage" */ = {
			isa = XCConfigurationList;
			buildConfigurations = (
				4969F3EC257CFA800048E29B /* Debug */,
				4969F3ED257CFA800048E29B /* Release */,
			);
			defaultConfigurationIsVisible = 0;
			defaultConfigurationName = Release;
		};
/* End XCConfigurationList section */

/* Begin XCRemoteSwiftPackageReference section */
		4980FD3E25CD704E004640D5 /* XCRemoteSwiftPackageReference "GridStack" */ = {
			isa = XCRemoteSwiftPackageReference;
			repositoryURL = "https://github.com/pietropizzi/GridStack";
			requirement = {
				kind = upToNextMajorVersion;
				minimumVersion = 0.4.1;
			};
		};
		498286F625969AE800147DBE /* XCRemoteSwiftPackageReference "SwiftUI-Introspect" */ = {
			isa = XCRemoteSwiftPackageReference;
			repositoryURL = "https://github.com/siteline/SwiftUI-Introspect";
			requirement = {
				kind = upToNextMajorVersion;
				minimumVersion = 0.1.2;
			};
		};
		49B154C325C4685D00CE9511 /* XCRemoteSwiftPackageReference "url-image" */ = {
			isa = XCRemoteSwiftPackageReference;
			repositoryURL = "https://github.com/dmytro-anokhin/url-image";
			requirement = {
				kind = upToNextMajorVersion;
				minimumVersion = 2.2.1;
			};
		};
/* End XCRemoteSwiftPackageReference section */

/* Begin XCSwiftPackageProductDependency section */
		49328ECA25C4B70F00A2A34D /* SoundCloud */ = {
			isa = XCSwiftPackageProductDependency;
			productName = SoundCloud;
		};
		49328ECC25C4B70F00A2A34D /* StackNavigationView */ = {
			isa = XCSwiftPackageProductDependency;
			productName = StackNavigationView;
		};
		49328ECE25C4B71500A2A34D /* SoundCloud */ = {
			isa = XCSwiftPackageProductDependency;
			productName = SoundCloud;
		};
		4980FD3F25CD704E004640D5 /* GridStack */ = {
			isa = XCSwiftPackageProductDependency;
			package = 4980FD3E25CD704E004640D5 /* XCRemoteSwiftPackageReference "GridStack" */;
			productName = GridStack;
		};
		498286F725969AE800147DBE /* Introspect */ = {
			isa = XCSwiftPackageProductDependency;
			package = 498286F625969AE800147DBE /* XCRemoteSwiftPackageReference "SwiftUI-Introspect" */;
			productName = Introspect;
		};
		49B154C425C4685D00CE9511 /* URLImage */ = {
			isa = XCSwiftPackageProductDependency;
			package = 49B154C325C4685D00CE9511 /* XCRemoteSwiftPackageReference "url-image" */;
			productName = URLImage;
		};
/* End XCSwiftPackageProductDependency section */
	};
	rootObject = 4969F3BD257CFA7F0048E29B /* Project object */;
}
